# This file is autogenerated, do not edit; changes may be undone by the next 'dep ensure'.


[[projects]]
  digest = "1:15042ad3498153684d09f393bbaec6b216c8eec6d61f63dff711de7d64ed8861"
  name = "github.com/golang/protobuf"
  packages = ["proto"]
  pruneopts = "UT"
  revision = "b4deda0973fb4c70b50d226b1af49f3da59f5265"
  version = "v1.1.0"

[[projects]]
  digest = "1:f3fb942d9a52aff79191a8318317147ab76ca609bced931b8be9ab1825569993"
  name = "github.com/google/go-github"
  packages = ["github"]
  pruneopts = "UT"
  revision = "747f93dd9b489bd56f7442b3c42bfea12800a75b"
  version = "v17.0.0"

[[projects]]
  branch = "master"
  digest = "1:a63cff6b5d8b95638bfe300385d93b2a6d9d687734b863da8e09dc834510a690"
  name = "github.com/google/go-querystring"
  packages = ["query"]
  pruneopts = "UT"
  revision = "53e6ce116135b80d037921a7fdd5138cf32d7a8a"

[[projects]]
  digest = "1:870d441fe217b8e689d7949fef6e43efbc787e50f200cb1e70dbca9204a1d6be"
  name = "github.com/inconshreveable/mousetrap"
  packages = ["."]
  pruneopts = "UT"
  revision = "76626ae9c91c4f2a10f34cad8ce83ea42c93bb75"
  version = "v1.0"

[[projects]]
  branch = "master"
  digest = "1:d1d928e677e2ba3ba94c07b4ed45196cfda312b0131c4bf6d3a8287113be52a2"
  name = "github.com/mcuadros/go-version"
  packages = ["."]
  pruneopts = "UT"
  revision = "6d5863ca60fa6fe914b5fd43ed8533d7567c5b0b"

[[projects]]
  branch = "master"
  digest = "1:847020adb95a63f5c8aa49a1561a9a903bdbea1e786dabb81a64b6b31b7124a9"
  name = "github.com/novln/docker-parser"
  packages = [
    ".",
    "distribution/digest",
    "distribution/reference",
    "docker",
  ]
  pruneopts = "UT"
  revision = "6030251119d652af8ead44ac7907444227b64d56"

[[projects]]
  digest = "1:645cabccbb4fa8aab25a956cbcbdf6a6845ca736b2c64e197ca7cbb9d210b939"
  name = "github.com/spf13/cobra"
  packages = ["."]
  pruneopts = "UT"
  revision = "ef82de70bb3f60c65fb8eebacbb2d122ef517385"
  version = "v0.0.3"

[[projects]]
  digest = "1:9424f440bba8f7508b69414634aef3b2b3a877e522d8a4624692412805407bb7"
  name = "github.com/spf13/pflag"
  packages = ["."]
  pruneopts = "UT"
  revision = "583c0c0531f06d5278b7d917446061adc344b5cd"
  version = "v1.0.1"

[[projects]]
  branch = "master"
  digest = "1:d6b719875cf8091fbab38527d81d34e71f4521b9ee9ccfbd4a32cff2ac5af96e"
  name = "golang.org/x/net"
  packages = [
    "context",
    "context/ctxhttp",
  ]
  pruneopts = "UT"
  revision = "aaf60122140d3fcf75376d319f0554393160eb50"

[[projects]]
  branch = "master"
  digest = "1:af19f6e6c369bf51ef226e989034cd88a45083173c02ac4d7ab74c9a90d356b7"
  name = "golang.org/x/oauth2"
  packages = [
    ".",
    "internal",
  ]
  pruneopts = "UT"
  revision = "3d292e4d0cdc3a0113e6d207bb137145ef1de42f"

[[projects]]
  digest = "1:328b5e4f197d928c444a51a75385f4b978915c0e75521f0ad6a3db976c97a7d3"
  name = "google.golang.org/appengine"
  packages = [
    "internal",
    "internal/base",
    "internal/datastore",
    "internal/log",
    "internal/remote_api",
    "internal/urlfetch",
    "urlfetch",
  ]
  pruneopts = "UT"
  revision = "b1f26356af11148e710935ed1ac8a7f5702c7612"
  version = "v1.1.0"

[[projects]]
  digest = "1:342378ac4dcb378a5448dd723f0784ae519383532f5e70ade24132c4c8693202"
  name = "gopkg.in/yaml.v2"
  packages = ["."]
  pruneopts = "UT"
  revision = "5420a8b6744d3b0345ab293f6fcba19c978f1183"
  version = "v2.2.1"

[solve-meta]
  analyzer-name = "dep"
  analyzer-version = 1
  input-imports = [
    "github.com/google/go-github/github",
    "github.com/mcuadros/go-version",
    "github.com/novln/docker-parser",
    "github.com/spf13/cobra",
    "golang.org/x/oauth2",
    "gopkg.in/yaml.v2",
  ]
  solver-name = "gps-cdcl"
  solver-version = 1
